{
  "name": "bot-proxy",
  "version": "1.0.0",
  "lockfileVersion": 1,
  "requires": true,
  "dependencies": {
    "botframework-streaming-extensions": {
      "version": "4.6.0-preview.76590",
      "resolved": "https://botbuilder.myget.org/F/botbuilder-v4-js-daily/npm/botframework-streaming-extensions/-/botframework-streaming-extensions-4.6.0-preview.76590.tgz",
      "integrity": "sha1-9NFzDktcZu1+rEpnUWU5nR5Uawc=",
      "requires": {
        "promise.prototype.finally": "^3.1.0",
        "uuid": "^3.3.2",
        "watershed": "^0.4.0"
      }
    },
    "debug": {
      "version": "3.2.6",
      "resolved": "https://registry.npmjs.org/debug/-/debug-3.2.6.tgz",
      "integrity": "sha512-mel+jf7nrtEl5Pn1Qx46zARXKDpBbvzezse7p7LqINmdoIk8PYP5SySaxEmYv6TZ0JyEKA1hsCId6DIhgITtWQ==",
      "requires": {
        "ms": "^2.1.1"
      }
    },
    "define-properties": {
      "version": "1.1.3",
      "resolved": "https://botbuilder.myget.org/F/botbuilder-v4-js-daily/npm/define-properties/-/define-properties-1.1.3.tgz",
      "integrity": "sha1-z4jabL7ib+bbcJT2HYcMvYTO6fE=",
      "requires": {
        "object-keys": "^1.0.12"
      }
    },
    "dotenv": {
      "version": "8.1.0",
      "resolved": "https://registry.npmjs.org/dotenv/-/dotenv-8.1.0.tgz",
      "integrity": "sha512-GUE3gqcDCaMltj2++g6bRQ5rBJWtkWTmqmD0fo1RnnMuUqHNCt2oTPeDnS9n6fKYvlhn7AeBkb38lymBtWBQdA=="
    },
    "dtrace-provider": {
      "version": "0.8.8",
      "resolved": "https://botbuilder.myget.org/F/botbuilder-v4-js-daily/npm/dtrace-provider/-/dtrace-provider-0.8.8.tgz",
      "integrity": "sha1-KZbVSQw34TR74mO0I+17KX+w2X4=",
      "requires": {
        "nan": "^2.14.0"
      }
    },
    "es-abstract": {
      "version": "1.13.0",
      "resolved": "https://botbuilder.myget.org/F/botbuilder-v4-js-daily/npm/es-abstract/-/es-abstract-1.13.0.tgz",
      "integrity": "sha1-rIYUX91QmdjdSVWMy6Lq+biOJOk=",
      "requires": {
        "es-to-primitive": "^1.2.0",
        "function-bind": "^1.1.1",
        "has": "^1.0.3",
        "is-callable": "^1.1.4",
        "is-regex": "^1.0.4",
        "object-keys": "^1.0.12"
      }
    },
    "es-to-primitive": {
      "version": "1.2.0",
      "resolved": "https://botbuilder.myget.org/F/botbuilder-v4-js-daily/npm/es-to-primitive/-/es-to-primitive-1.2.0.tgz",
      "integrity": "sha1-7fckeAM0VujdqO8J4ArZZQcH83c=",
      "requires": {
        "is-callable": "^1.1.4",
        "is-date-object": "^1.0.1",
        "is-symbol": "^1.0.2"
      }
    },
    "eventemitter3": {
      "version": "3.1.2",
      "resolved": "https://registry.npmjs.org/eventemitter3/-/eventemitter3-3.1.2.tgz",
      "integrity": "sha512-tvtQIeLVHjDkJYnzf2dgVMxfuSGJeM/7UCG17TT4EumTfNtF+0nebF/4zWOIkCreAbtNqhGEboB6BWrwqNaw4Q=="
    },
    "follow-redirects": {
      "version": "1.7.0",
      "resolved": "https://registry.npmjs.org/follow-redirects/-/follow-redirects-1.7.0.tgz",
      "integrity": "sha512-m/pZQy4Gj287eNy94nivy5wchN3Kp+Q5WgUPNy5lJSZ3sgkVKSYV/ZChMAQVIgx1SqfZ2zBZtPA2YlXIWxxJOQ==",
      "requires": {
        "debug": "^3.2.6"
      }
    },
    "function-bind": {
      "version": "1.1.1",
      "resolved": "https://botbuilder.myget.org/F/botbuilder-v4-js-daily/npm/function-bind/-/function-bind-1.1.1.tgz",
      "integrity": "sha1-pWiZ0+o8m6uHS7l3O3xe3pL0iV0="
    },
    "has": {
      "version": "1.0.3",
      "resolved": "https://botbuilder.myget.org/F/botbuilder-v4-js-daily/npm/has/-/has-1.0.3.tgz",
      "integrity": "sha1-ci18v8H2qoJB8W3YFOAR4fQeh5Y=",
      "requires": {
        "function-bind": "^1.1.1"
      }
    },
    "has-symbols": {
      "version": "1.0.0",
      "resolved": "https://botbuilder.myget.org/F/botbuilder-v4-js-daily/npm/has-symbols/-/has-symbols-1.0.0.tgz",
      "integrity": "sha1-uhqPGvKg/DllD1yFA2dwQSIGO0Q="
    },
    "http-proxy": {
      "version": "1.17.0",
      "resolved": "https://registry.npmjs.org/http-proxy/-/http-proxy-1.17.0.tgz",
      "integrity": "sha512-Taqn+3nNvYRfJ3bGvKfBSRwy1v6eePlm3oc/aWVxZp57DQr5Eq3xhKJi7Z4hZpS8PC3H4qI+Yly5EmFacGuA/g==",
      "requires": {
        "eventemitter3": "^3.0.0",
        "follow-redirects": "^1.0.0",
        "requires-port": "^1.0.0"
      }
    },
    "is-callable": {
      "version": "1.1.4",
      "resolved": "https://botbuilder.myget.org/F/botbuilder-v4-js-daily/npm/is-callable/-/is-callable-1.1.4.tgz",
      "integrity": "sha1-HhrfIZ4e62hNaR+dagX/DTCiTXU="
    },
    "is-date-object": {
      "version": "1.0.1",
      "resolved": "https://botbuilder.myget.org/F/botbuilder-v4-js-daily/npm/is-date-object/-/is-date-object-1.0.1.tgz",
      "integrity": "sha1-mqIOtq7rv/d/vTPnTKAbM1gdOhY="
    },
    "is-regex": {
      "version": "1.0.4",
      "resolved": "https://botbuilder.myget.org/F/botbuilder-v4-js-daily/npm/is-regex/-/is-regex-1.0.4.tgz",
      "integrity": "sha1-VRdIm1RwkbCTDglWVM7SXul+lJE=",
      "requires": {
        "has": "^1.0.1"
      }
    },
    "is-symbol": {
      "version": "1.0.2",
      "resolved": "https://botbuilder.myget.org/F/botbuilder-v4-js-daily/npm/is-symbol/-/is-symbol-1.0.2.tgz",
      "integrity": "sha1-oFX2rlcZLK7jKeeoYBGLSXqVDzg=",
      "requires": {
        "has-symbols": "^1.0.0"
      }
    },
    "ms": {
      "version": "2.1.2",
      "resolved": "https://registry.npmjs.org/ms/-/ms-2.1.2.tgz",
      "integrity": "sha512-sGkPx+VjMtmA6MX27oA4FBFELFCZZ4S4XqeGOXCv68tT+jb3vk/RyaKWP0PTKyWtmLSM0b+adUTEvbs1PEaH2w=="
    },
    "nan": {
      "version": "2.14.0",
      "resolved": "https://botbuilder.myget.org/F/botbuilder-v4-js-daily/npm/nan/-/nan-2.14.0.tgz",
      "integrity": "sha1-eBj3IgJ7JFmobwKV1DTR/CM2xSw="
    },
    "object-keys": {
      "version": "1.1.1",
      "resolved": "https://botbuilder.myget.org/F/botbuilder-v4-js-daily/npm/object-keys/-/object-keys-1.1.1.tgz",
      "integrity": "sha1-HEfyct8nfzsdrwYWd9nILiMixg4="
    },
    "parse-ms": {
      "version": "2.1.0",
      "resolved": "https://registry.npmjs.org/parse-ms/-/parse-ms-2.1.0.tgz",
      "integrity": "sha512-kHt7kzLoS9VBZfUsiKjv43mr91ea+U05EyKkEtqp7vNbHxmaVuEqN7XxeEVnGrMtYOAxGrDElSi96K7EgO1zCA=="
    },
    "pretty-ms": {
      "version": "5.0.0",
      "resolved": "https://registry.npmjs.org/pretty-ms/-/pretty-ms-5.0.0.tgz",
      "integrity": "sha512-94VRYjL9k33RzfKiGokPBPpsmloBYSf5Ri+Pq19zlsEcUKFob+admeXr5eFDRuPjFmEOcjJvPGdillYOJyvZ7Q==",
      "requires": {
        "parse-ms": "^2.1.0"
      }
    },
    "promise.prototype.finally": {
      "version": "3.1.1",
      "resolved": "https://botbuilder.myget.org/F/botbuilder-v4-js-daily/npm/promise.prototype.finally/-/promise.prototype.finally-3.1.1.tgz",
      "integrity": "sha1-yyedOlAgymQDs9kjV/jiLVDtkqo=",
      "requires": {
        "define-properties": "^1.1.3",
        "es-abstract": "^1.13.0",
        "function-bind": "^1.1.1"
      }
    },
    "readable-stream": {
      "version": "1.0.2",
      "resolved": "https://botbuilder.myget.org/F/botbuilder-v4-js-daily/npm/readable-stream/-/readable-stream-1.0.2.tgz",
      "integrity": "sha1-ITzjaGT8Hw1OmOA7nrksZAQimdQ="
    },
    "requires-port": {
      "version": "1.0.0",
      "resolved": "https://registry.npmjs.org/requires-port/-/requires-port-1.0.0.tgz",
      "integrity": "sha1-kl0mAdOaxIXgkc8NpcbmlNw9yv8="
    },
    "uuid": {
      "version": "3.3.3",
      "resolved": "https://botbuilder.myget.org/F/botbuilder-v4-js-daily/npm/uuid/-/uuid-3.3.3.tgz",
      "integrity": "sha1-RWjwIW54dg7h2/Ok0s9T4iQRKGY="
    },
    "watershed": {
      "version": "0.4.0",
      "resolved": "https://botbuilder.myget.org/F/botbuilder-v4-js-daily/npm/watershed/-/watershed-0.4.0.tgz",
      "integrity": "sha1-5BJLh3EptHZSJHdn63IgKfgJVTE=",
      "requires": {
        "dtrace-provider": "~0.8",
        "readable-stream": "1.0.2"
      }
    }
  }
}
